Microsoft Visual Studio Solution File, Format Version 12.00
# Visual Studio Version 17
VisualStudioVersion = 17.5.2.0
MinimumVisualStudioVersion = 10.0.40219.1
Project("{FAE04EC0-301F-11D3-BF4B-00C04F79EFBC}") = "GenericsDemo", "GenericsDemo.csproj", "{FFF4AE84-53A9-83AA-5AE2-976B806DB5F7}"
EndProject
Global
	GlobalSection(SolutionConfigurationPlatforms) = preSolution
		Debug|Any CPU = Debug|Any CPU
		Release|Any CPU = Release|Any CPU
	EndGlobalSection
	GlobalSection(ProjectConfigurationPlatforms) = postSolution
		{FFF4AE84-53A9-83AA-5AE2-976B806DB5F7}.Debug|Any CPU.ActiveCfg = Debug|Any CPU
		{FFF4AE84-53A9-83AA-5AE2-976B806DB5F7}.Debug|Any CPU.Build.0 = Debug|Any CPU
		{FFF4AE84-53A9-83AA-5AE2-976B806DB5F7}.Release|Any CPU.ActiveCfg = Release|Any CPU
		{FFF4AE84-53A9-83AA-5AE2-976B806DB5F7}.Release|Any CPU.Build.0 = Release|Any CPU
	EndGlobalSection
	GlobalSection(SolutionProperties) = preSolution
		HideSolutionNode = FALSE
	EndGlobalSection
	GlobalSection(ExtensibilityGlobals) = postSolution
		SolutionGuid = {F2E4B818-2044-4FE8-8F7A-062048ADC852}
	EndGlobalSection
EndGlobal
